
Microsoft Visual Studio Solution File, Format Version 12.00
# Visual Studio 15
VisualStudioVersion = 15.0.28307.438
MinimumVisualStudioVersion = 10.0.40219.1
Project("{FAE04EC0-301F-11D3-BF4B-00C04F79EFBC}") = "Lab2_3CS", "Lab2_3CS\Lab2_3CS.csproj", "{388B731D-5824-4C25-A458-333341798884}"
EndProject
Global
	GlobalSection(SolutionConfigurationPlatforms) = preSolution
		Debug|Any CPU = Debug|Any CPU
		Release|Any CPU = Release|Any CPU
	EndGlobalSection
	GlobalSection(ProjectConfigurationPlatforms) = postSolution
		{388B731D-5824-4C25-A458-333341798884}.Debug|Any CPU.ActiveCfg = Debug|Any CPU
		{388B731D-5824-4C25-A458-333341798884}.Debug|Any CPU.Build.0 = Debug|Any CPU
		{388B731D-5824-4C25-A458-333341798884}.Release|Any CPU.ActiveCfg = Release|Any CPU
		{388B731D-5824-4C25-A458-333341798884}.Release|Any CPU.Build.0 = Release|Any CPU
	EndGlobalSection
	GlobalSection(SolutionProperties) = preSolution
		HideSolutionNode = FALSE
	EndGlobalSection
	GlobalSection(ExtensibilityGlobals) = postSolution
		SolutionGuid = {7840D829-4E1E-44D6-9FA6-F9A284FA9EF2}
	EndGlobalSection
EndGlobal
